schema: '2.0'
stages:
  train:
    cmd: python ML_Engine\recommendation_engine.py
    deps:
    - path: Dataset
      hash: md5
      md5: 12aa7ed13c4653f39541b1e149fed9e9.dir
      size: 4605436
      nfiles: 9
    - path: ML_Engine\recommendation_engine.py
      hash: md5
      md5: 41913fa0e684c5860e78313d7cb4b2e7
      size: 37341
